
Microsoft Visual Studio Solution File, Format Version 12.00
# Visual Studio Version 16
VisualStudioVersion = 16.0.30611.23
MinimumVisualStudioVersion = 10.0.40219.1
Project("{FAE04EC0-301F-11D3-BF4B-00C04F79EFBC}") = "IkinciOdev_Uygulama1", "IkinciOdev_Uygulama1\IkinciOdev_Uygulama1.csproj", "{C99758B0-E518-48D9-B7CC-4A78F116C9FC}"
EndProject
Global
	GlobalSection(SolutionConfigurationPlatforms) = preSolution
		Debug|Any CPU = Debug|Any CPU
		Release|Any CPU = Release|Any CPU
	EndGlobalSection
	GlobalSection(ProjectConfigurationPlatforms) = postSolution
		{C99758B0-E518-48D9-B7CC-4A78F116C9FC}.Debug|Any CPU.ActiveCfg = Debug|Any CPU
		{C99758B0-E518-48D9-B7CC-4A78F116C9FC}.Debug|Any CPU.Build.0 = Debug|Any CPU
		{C99758B0-E518-48D9-B7CC-4A78F116C9FC}.Release|Any CPU.ActiveCfg = Release|Any CPU
		{C99758B0-E518-48D9-B7CC-4A78F116C9FC}.Release|Any CPU.Build.0 = Release|Any CPU
	EndGlobalSection
	GlobalSection(SolutionProperties) = preSolution
		HideSolutionNode = FALSE
	EndGlobalSection
	GlobalSection(ExtensibilityGlobals) = postSolution
		SolutionGuid = {2E65AA8F-539B-4253-BCC1-82BBF05C813B}
	EndGlobalSection
EndGlobal
